
Microsoft Visual Studio Solution File, Format Version 12.00
# Visual Studio Version 17
VisualStudioVersion = 17.5.002.0
MinimumVisualStudioVersion = 10.0.40219.1
Project("{9A19103F-16F7-4668-BE54-9A1E7A4F7556}") = "TicketResell.Repositories", "TicketResell.Repositories.csproj", "{92D62A2F-01AB-499D-BFFD-46E04DDB1285}"
EndProject
Global
	GlobalSection(SolutionConfigurationPlatforms) = preSolution
		Debug|Any CPU = Debug|Any CPU
		Release|Any CPU = Release|Any CPU
	EndGlobalSection
	GlobalSection(ProjectConfigurationPlatforms) = postSolution
		{92D62A2F-01AB-499D-BFFD-46E04DDB1285}.Debug|Any CPU.ActiveCfg = Debug|Any CPU
		{92D62A2F-01AB-499D-BFFD-46E04DDB1285}.Debug|Any CPU.Build.0 = Debug|Any CPU
		{92D62A2F-01AB-499D-BFFD-46E04DDB1285}.Release|Any CPU.ActiveCfg = Release|Any CPU
		{92D62A2F-01AB-499D-BFFD-46E04DDB1285}.Release|Any CPU.Build.0 = Release|Any CPU
	EndGlobalSection
	GlobalSection(SolutionProperties) = preSolution
		HideSolutionNode = FALSE
	EndGlobalSection
	GlobalSection(ExtensibilityGlobals) = postSolution
		SolutionGuid = {B71E7D8B-224E-432F-9B20-19268455EA06}
	EndGlobalSection
EndGlobal
